
Microsoft Visual Studio Solution File, Format Version 12.00
# Visual Studio Version 16
VisualStudioVersion = 16.0.28803.156
MinimumVisualStudioVersion = 10.0.40219.1
Project("{2150E333-8FDC-42A3-9474-1A3956D46DE8}") = "src", "src", "{25B436B1-2D7D-438B-9FBB-7FF9CC6905FE}"
EndProject
Project("{9A19103F-16F7-4668-BE54-9A1E7A4F7556}") = "SimpleWebApiBot", "src\SimpleWebApiBot\SimpleWebApiBot.csproj", "{1A4BF38E-2E57-4F21-B414-E0ACAB14B4E9}"
EndProject
Global
	GlobalSection(SolutionConfigurationPlatforms) = preSolution
		Debug|Any CPU = Debug|Any CPU
		Release|Any CPU = Release|Any CPU
	EndGlobalSection
	GlobalSection(ProjectConfigurationPlatforms) = postSolution
		{1A4BF38E-2E57-4F21-B414-E0ACAB14B4E9}.Debug|Any CPU.ActiveCfg = Debug|Any CPU
		{1A4BF38E-2E57-4F21-B414-E0ACAB14B4E9}.Debug|Any CPU.Build.0 = Debug|Any CPU
		{1A4BF38E-2E57-4F21-B414-E0ACAB14B4E9}.Release|Any CPU.ActiveCfg = Release|Any CPU
		{1A4BF38E-2E57-4F21-B414-E0ACAB14B4E9}.Release|Any CPU.Build.0 = Release|Any CPU
	EndGlobalSection
	GlobalSection(SolutionProperties) = preSolution
		HideSolutionNode = FALSE
	EndGlobalSection
	GlobalSection(NestedProjects) = preSolution
		{1A4BF38E-2E57-4F21-B414-E0ACAB14B4E9} = {25B436B1-2D7D-438B-9FBB-7FF9CC6905FE}
	EndGlobalSection
	GlobalSection(ExtensibilityGlobals) = postSolution
		SolutionGuid = {BDA8FA4F-7590-44A9-B430-C372E0FBBE8A}
	EndGlobalSection
EndGlobal
